
Microsoft Visual Studio Solution File, Format Version 12.00
# Visual Studio 15
VisualStudioVersion = 15.0.26730.16
MinimumVisualStudioVersion = 10.0.40219.1
Project("{2150E333-8FDC-42A3-9474-1A3956D46DE8}") = "DAL", "DAL", "{4FD2E19A-2605-42DC-A3CE-EBCA82C94EB7}"
EndProject
Project("{FAE04EC0-301F-11D3-BF4B-00C04F79EFBC}") = "GenericRepository", "GenericRepository\GenericRepository.csproj", "{5E79B6B9-1E93-4B5A-9A86-FD2A04C01C8A}"
EndProject
Project("{FAE04EC0-301F-11D3-BF4B-00C04F79EFBC}") = "CrossEntities", "CrossEntities\CrossEntities.csproj", "{75801187-95C3-43F7-9A34-12F9C9118125}"
EndProject
Project("{FAE04EC0-301F-11D3-BF4B-00C04F79EFBC}") = "Repositories", "Repositories\Repositories.csproj", "{18ECD67F-8A0D-4A8A-9FD2-2C1068F56012}"
EndProject
Project("{FAE04EC0-301F-11D3-BF4B-00C04F79EFBC}") = "ConsoleApp", "ConsoleApp\ConsoleApp.csproj", "{27903CD4-03E8-475C-A637-26135E1713F4}"
EndProject
Project("{FAE04EC0-301F-11D3-BF4B-00C04F79EFBC}") = "Web-service-for-work-with-crosses.Tests", "Web-service-for-work-with-crosses.tests\Web-service-for-work-with-crosses.Tests.csproj", "{96E03835-7A0B-4C84-BE90-BA48C924AB4B}"
EndProject
Global
	GlobalSection(SolutionConfigurationPlatforms) = preSolution
		Debug|Any CPU = Debug|Any CPU
		Release|Any CPU = Release|Any CPU
	EndGlobalSection
	GlobalSection(ProjectConfigurationPlatforms) = postSolution
		{5E79B6B9-1E93-4B5A-9A86-FD2A04C01C8A}.Debug|Any CPU.ActiveCfg = Debug|Any CPU
		{5E79B6B9-1E93-4B5A-9A86-FD2A04C01C8A}.Debug|Any CPU.Build.0 = Debug|Any CPU
		{5E79B6B9-1E93-4B5A-9A86-FD2A04C01C8A}.Release|Any CPU.ActiveCfg = Release|Any CPU
		{5E79B6B9-1E93-4B5A-9A86-FD2A04C01C8A}.Release|Any CPU.Build.0 = Release|Any CPU
		{75801187-95C3-43F7-9A34-12F9C9118125}.Debug|Any CPU.ActiveCfg = Debug|Any CPU
		{75801187-95C3-43F7-9A34-12F9C9118125}.Debug|Any CPU.Build.0 = Debug|Any CPU
		{75801187-95C3-43F7-9A34-12F9C9118125}.Release|Any CPU.ActiveCfg = Release|Any CPU
		{75801187-95C3-43F7-9A34-12F9C9118125}.Release|Any CPU.Build.0 = Release|Any CPU
		{18ECD67F-8A0D-4A8A-9FD2-2C1068F56012}.Debug|Any CPU.ActiveCfg = Debug|Any CPU
		{18ECD67F-8A0D-4A8A-9FD2-2C1068F56012}.Debug|Any CPU.Build.0 = Debug|Any CPU
		{18ECD67F-8A0D-4A8A-9FD2-2C1068F56012}.Release|Any CPU.ActiveCfg = Release|Any CPU
		{18ECD67F-8A0D-4A8A-9FD2-2C1068F56012}.Release|Any CPU.Build.0 = Release|Any CPU
		{27903CD4-03E8-475C-A637-26135E1713F4}.Debug|Any CPU.ActiveCfg = Debug|Any CPU
		{27903CD4-03E8-475C-A637-26135E1713F4}.Debug|Any CPU.Build.0 = Debug|Any CPU
		{27903CD4-03E8-475C-A637-26135E1713F4}.Release|Any CPU.ActiveCfg = Release|Any CPU
		{27903CD4-03E8-475C-A637-26135E1713F4}.Release|Any CPU.Build.0 = Release|Any CPU
		{96E03835-7A0B-4C84-BE90-BA48C924AB4B}.Debug|Any CPU.ActiveCfg = Debug|Any CPU
		{96E03835-7A0B-4C84-BE90-BA48C924AB4B}.Debug|Any CPU.Build.0 = Debug|Any CPU
		{96E03835-7A0B-4C84-BE90-BA48C924AB4B}.Release|Any CPU.ActiveCfg = Release|Any CPU
		{96E03835-7A0B-4C84-BE90-BA48C924AB4B}.Release|Any CPU.Build.0 = Release|Any CPU
	EndGlobalSection
	GlobalSection(SolutionProperties) = preSolution
		HideSolutionNode = FALSE
	EndGlobalSection
	GlobalSection(NestedProjects) = preSolution
		{5E79B6B9-1E93-4B5A-9A86-FD2A04C01C8A} = {4FD2E19A-2605-42DC-A3CE-EBCA82C94EB7}
		{75801187-95C3-43F7-9A34-12F9C9118125} = {4FD2E19A-2605-42DC-A3CE-EBCA82C94EB7}
		{18ECD67F-8A0D-4A8A-9FD2-2C1068F56012} = {4FD2E19A-2605-42DC-A3CE-EBCA82C94EB7}
	EndGlobalSection
	GlobalSection(ExtensibilityGlobals) = postSolution
		SolutionGuid = {32DFD7AA-978B-4896-B196-50036D660856}
	EndGlobalSection
EndGlobal
